
Microsoft Visual Studio Solution File, Format Version 12.00
# Visual Studio 2012
Project("{FAE04EC0-301F-11D3-BF4B-00C04F79EFBC}") = "CenaPlus.Client", "CenaPlus.Client\CenaPlus.Client.csproj", "{31EB2B83-5F8F-4C3C-8FD5-50C160E4EE88}"
EndProject
Project("{2150E333-8FDC-42A3-9474-1A3956D46DE8}") = ".nuget", ".nuget", "{FCF684F1-4310-4724-89E1-146DEB3C8098}"
	ProjectSection(SolutionItems) = preProject
		.nuget\NuGet.Config = .nuget\NuGet.Config
		.nuget\NuGet.exe = .nuget\NuGet.exe
		.nuget\NuGet.targets = .nuget\NuGet.targets
	EndProjectSection
EndProject
Project("{FAE04EC0-301F-11D3-BF4B-00C04F79EFBC}") = "CenaPlus.Entity", "CenaPlus.Entity\CenaPlus.Entity.csproj", "{33FE9792-C912-42E1-994F-E920F724230B}"
EndProject
Project("{FAE04EC0-301F-11D3-BF4B-00C04F79EFBC}") = "CenaPlus.Server", "CenaPlus.Server\CenaPlus.Server.csproj", "{98E54C42-DAF6-47C7-8C8D-49824CCBF1CA}"
EndProject
Project("{FAE04EC0-301F-11D3-BF4B-00C04F79EFBC}") = "CenaPlus.Network", "CenaPlus.Network\CenaPlus.Network.csproj", "{E5E057E8-C266-4676-B86D-48CC97E4BA60}"
EndProject
Project("{FAE04EC0-301F-11D3-BF4B-00C04F79EFBC}") = "TestNetwork", "TestNetwork\TestNetwork.csproj", "{DB10E2DB-6A8A-427F-AF77-3046DEE5F40F}"
EndProject
Global
	GlobalSection(SolutionConfigurationPlatforms) = preSolution
		Debug|Any CPU = Debug|Any CPU
		Release|Any CPU = Release|Any CPU
	EndGlobalSection
	GlobalSection(ProjectConfigurationPlatforms) = postSolution
		{31EB2B83-5F8F-4C3C-8FD5-50C160E4EE88}.Debug|Any CPU.ActiveCfg = Debug|Any CPU
		{31EB2B83-5F8F-4C3C-8FD5-50C160E4EE88}.Debug|Any CPU.Build.0 = Debug|Any CPU
		{31EB2B83-5F8F-4C3C-8FD5-50C160E4EE88}.Release|Any CPU.ActiveCfg = Release|Any CPU
		{31EB2B83-5F8F-4C3C-8FD5-50C160E4EE88}.Release|Any CPU.Build.0 = Release|Any CPU
		{33FE9792-C912-42E1-994F-E920F724230B}.Debug|Any CPU.ActiveCfg = Debug|Any CPU
		{33FE9792-C912-42E1-994F-E920F724230B}.Debug|Any CPU.Build.0 = Debug|Any CPU
		{33FE9792-C912-42E1-994F-E920F724230B}.Release|Any CPU.ActiveCfg = Release|Any CPU
		{33FE9792-C912-42E1-994F-E920F724230B}.Release|Any CPU.Build.0 = Release|Any CPU
		{98E54C42-DAF6-47C7-8C8D-49824CCBF1CA}.Debug|Any CPU.ActiveCfg = Debug|Any CPU
		{98E54C42-DAF6-47C7-8C8D-49824CCBF1CA}.Debug|Any CPU.Build.0 = Debug|Any CPU
		{98E54C42-DAF6-47C7-8C8D-49824CCBF1CA}.Release|Any CPU.ActiveCfg = Release|Any CPU
		{98E54C42-DAF6-47C7-8C8D-49824CCBF1CA}.Release|Any CPU.Build.0 = Release|Any CPU
		{E5E057E8-C266-4676-B86D-48CC97E4BA60}.Debug|Any CPU.ActiveCfg = Debug|Any CPU
		{E5E057E8-C266-4676-B86D-48CC97E4BA60}.Debug|Any CPU.Build.0 = Debug|Any CPU
		{E5E057E8-C266-4676-B86D-48CC97E4BA60}.Release|Any CPU.ActiveCfg = Release|Any CPU
		{E5E057E8-C266-4676-B86D-48CC97E4BA60}.Release|Any CPU.Build.0 = Release|Any CPU
		{DB10E2DB-6A8A-427F-AF77-3046DEE5F40F}.Debug|Any CPU.ActiveCfg = Debug|Any CPU
		{DB10E2DB-6A8A-427F-AF77-3046DEE5F40F}.Debug|Any CPU.Build.0 = Debug|Any CPU
		{DB10E2DB-6A8A-427F-AF77-3046DEE5F40F}.Release|Any CPU.ActiveCfg = Release|Any CPU
		{DB10E2DB-6A8A-427F-AF77-3046DEE5F40F}.Release|Any CPU.Build.0 = Release|Any CPU
	EndGlobalSection
	GlobalSection(SolutionProperties) = preSolution
		HideSolutionNode = FALSE
	EndGlobalSection
EndGlobal
